<Solution>
  <Configurations>
    <Platform Name="x64" />
    <Platform Name="x86" />
  </Configurations>
  <Project Path="dz2-3/dz2-3.vcxproj" Id="14874b61-f0fe-48eb-82af-cae472db0111" />
  <Project Path="dz3-4/dz3-4.vcxproj" Id="4291659c-19ef-4d71-a704-27877392ef8a" />
  <Project Path="dz4-5/dz4-5.vcxproj" Id="ba3b3f65-f969-4304-87d6-eb85ffd786b8" />
  <Project Path="dz5-6/dz5-6.vcxproj" Id="c028da29-96bb-4813-ac78-f9684cc9bc3e" />
  <Project Path="lesson3/lesson3.vcxproj" Id="8bedf29b-ac01-4413-8b8c-a9ce2a268cc9" />
  <Project Path="lesson5/lesson5.vcxproj" Id="cfba9769-06ed-41d4-94e1-75bb089e8f63" />
  <Project Path="lesson6/lesson6.vcxproj" Id="65c98646-8fb0-44d4-8dcc-66adc98bcd80" />
  <Project Path="MyCpp.vcxproj" Id="179cc485-aec2-4e93-b0e6-d3a27663506f" />
  <Project Path="Project1/Project1.vcxproj" Id="6661faa6-c8c7-4b06-a9e3-6d8bc63fd71f" />
</Solution>
